
Microsoft Visual Studio Solution File, Format Version 12.00
# Visual Studio Version 17
VisualStudioVersion = 17.0.32126.317
MinimumVisualStudioVersion = 10.0.40219.1
Project("{2150E333-8FDC-42A3-9474-1A3956D46DE8}") = "src", "src", "{672FEA18-F072-4549-9C4C-DBD1F9CDC7BB}"
EndProject
Project("{2150E333-8FDC-42A3-9474-1A3956D46DE8}") = "_", "_", "{E9754587-13F5-4E3A-9F3F-71C98EF97990}"
	ProjectSection(SolutionItems) = preProject
		.gitattributes = .gitattributes
		.gitignore = .gitignore
		build.cmd = build.cmd
		build.ps1 = build.ps1
		build.sh = build.sh
		delete_all_bin_and_obj.cmd = delete_all_bin_and_obj.cmd
		Directory.Build.props = Directory.Build.props
		Directory.Build.targets = Directory.Build.targets
		global.json = global.json
		NuGet.Config = NuGet.Config
		README.md = README.md
		redis.md = redis.md
		roadmap.md = roadmap.md
		LICENSE.txt = LICENSE.txt
		delete_all_bin_and_obj.sh = delete_all_bin_and_obj.sh
	EndProjectSection
	ProjectSection(FolderGlobals) = preProject
		D_5_4Myvas_4dev_4AspNetCore_4Myvas_1AspNetCore_1Weixin_4Myvas_1AspNetCore_1Weixin_4global_1json__JsonSchema = 
	EndProjectSection
EndProject
Project("{2150E333-8FDC-42A3-9474-1A3956D46DE8}") = "test", "test", "{73FCFCF4-3A1C-4D4D-939A-9CABDC2341DC}"
EndProject
Project("{2150E333-8FDC-42A3-9474-1A3956D46DE8}") = "51_Extensions.Core", "51_Extensions.Core", "{C26C3C52-C565-4559-83D0-DED91C791650}"
EndProject
Project("{2150E333-8FDC-42A3-9474-1A3956D46DE8}") = "31_Core", "31_Core", "{40AEBE01-FEE8-4C0B-A14D-B6535560D384}"
EndProject
Project("{9A19103F-16F7-4668-BE54-9A1E7A4F7556}") = "Myvas.AspNetCore.Weixin.Storage", "src\Storage\Myvas.AspNetCore.Weixin.Storage.csproj", "{0D3E106A-94C3-4DAD-9FFA-C337C1FD4EA1}"
EndProject
Project("{9A19103F-16F7-4668-BE54-9A1E7A4F7556}") = "Myvas.AspNetCore.Weixin.EntityFrameworkCore.Storage", "src\EntityFrameworkCore.Storage\Myvas.AspNetCore.Weixin.EntityFrameworkCore.Storage.csproj", "{A71BEB4E-97FD-4DEF-8D93-DC8DC8400038}"
EndProject
Project("{2150E333-8FDC-42A3-9474-1A3956D46DE8}") = "21_EntityFrameworkCore", "21_EntityFrameworkCore", "{B562D54A-AC7C-4F65-9A83-084C6A6887FA}"
EndProject
Project("{2150E333-8FDC-42A3-9474-1A3956D46DE8}") = "hosts", "hosts", "{1F24DE32-0F7C-4307-8399-9853C62865A3}"
EndProject
Project("{2150E333-8FDC-42A3-9474-1A3956D46DE8}") = "migrations", "migrations", "{E4A02C1F-13BF-46B9-AD00-2FD88BC5AFDF}"
EndProject
Project("{9A19103F-16F7-4668-BE54-9A1E7A4F7556}") = "Host.Main", "hosts\WeixinSiteHost\Host.Main.csproj", "{0A2794C3-E153-466E-B134-C7D43278FBCD}"
EndProject
Project("{2150E333-8FDC-42A3-9474-1A3956D46DE8}") = "samples", "samples", "{448867BE-B89E-4B72-9BA0-43A83A99FDDD}"
EndProject
Project("{9A19103F-16F7-4668-BE54-9A1E7A4F7556}") = "WeixinSiteSample", "samples\WeixinSiteSample\WeixinSiteSample.csproj", "{01CAD641-170B-4382-89B8-F255BB6205CC}"
EndProject
Project("{2150E333-8FDC-42A3-9474-1A3956D46DE8}") = "41_Extensions.Stores", "41_Extensions.Stores", "{361A1FEC-BBC1-456D-9090-82020715DD8A}"
EndProject
Project("{9A19103F-16F7-4668-BE54-9A1E7A4F7556}") = "Myvas.AspNetCore.Weixin.Site", "src\Site\Myvas.AspNetCore.Weixin.Site.csproj", "{0FD34657-2585-4DC9-AE57-4A3765C163BB}"
EndProject
Project("{9A19103F-16F7-4668-BE54-9A1E7A4F7556}") = "Myvas.AspNetCore.Weixin.Jssdk", "src\Jssdk\Myvas.AspNetCore.Weixin.Jssdk.csproj", "{7ED537FE-5479-4572-8758-D8420FDFAE18}"
EndProject
Project("{9A19103F-16F7-4668-BE54-9A1E7A4F7556}") = "Myvas.AspNetCore.Weixin.EntityFrameworkCore", "src\EntityFrameworkCore\Myvas.AspNetCore.Weixin.EntityFrameworkCore.csproj", "{F75C5599-EB9B-460C-A179-29FEABA59DA8}"
EndProject
Project("{9A19103F-16F7-4668-BE54-9A1E7A4F7556}") = "Myvas.AspNetCore.Weixin.AccessToken", "src\AccessToken\Myvas.AspNetCore.Weixin.AccessToken.csproj", "{1E41663B-CC3A-4F08-BA38-DBBF82DA0F7D}"
EndProject
Project("{9A19103F-16F7-4668-BE54-9A1E7A4F7556}") = "Myvas.AspNetCore.Weixin.Api", "src\Api\Myvas.AspNetCore.Weixin.Api.csproj", "{30B2E561-0984-4E82-9B6F-34F7CC123D83}"
EndProject
Project("{FAE04EC0-301F-11D3-BF4B-00C04F79EFBC}") = "CommonTest", "test\CommonTest\CommonTest.csproj", "{ED335FB8-EA37-4FB8-A5CB-3BD909908A06}"
EndProject
Project("{FAE04EC0-301F-11D3-BF4B-00C04F79EFBC}") = "WeixinApi.Test", "test\WeixinApi.Test\WeixinApi.Test.csproj", "{075521CF-5C68-4A18-969D-48291EB30FA7}"
EndProject
Project("{FAE04EC0-301F-11D3-BF4B-00C04F79EFBC}") = "WeixinSite.Test", "test\WeixinSite.Test\WeixinSite.Test.csproj", "{D473E52F-9DE1-48F0-A96E-E3F4C780F579}"
EndProject
Project("{FAE04EC0-301F-11D3-BF4B-00C04F79EFBC}") = "Myvas.AspNetCore.Weixin", "src\Weixin\Myvas.AspNetCore.Weixin.csproj", "{DEDB53E4-AB0A-47FB-8A19-4B74C988B717}"
EndProject
Project("{FAE04EC0-301F-11D3-BF4B-00C04F79EFBC}") = "Myvas.AspNetCore.Weixin.Core", "src\Core\Myvas.AspNetCore.Weixin.Core.csproj", "{C0AAAA92-C072-408C-B7DB-446B5818FFB9}"
EndProject
Project("{FAE04EC0-301F-11D3-BF4B-00C04F79EFBC}") = "Myvas.AspNetCore.Weixin.EfCore", "src\EfCore\Myvas.AspNetCore.Weixin.EfCore.csproj", "{C7543022-E2A2-4270-AF75-05DF786EF4EE}"
EndProject
Project("{FAE04EC0-301F-11D3-BF4B-00C04F79EFBC}") = "Myvas.AspNetCore.Weixin.Stores", "src\Stores\Myvas.AspNetCore.Weixin.Stores.csproj", "{9C6F80CE-03E2-42E6-8F8C-C8AED9C63843}"
EndProject
Global
	GlobalSection(SolutionConfigurationPlatforms) = preSolution
		Debug|Any CPU = Debug|Any CPU
		Debug|x64 = Debug|x64
		Debug|x86 = Debug|x86
		Debug20|Any CPU = Debug20|Any CPU
		Debug20|x64 = Debug20|x64
		Debug20|x86 = Debug20|x86
		Release|Any CPU = Release|Any CPU
		Release|x64 = Release|x64
		Release|x86 = Release|x86
	EndGlobalSection
	GlobalSection(ProjectConfigurationPlatforms) = postSolution
		{0D3E106A-94C3-4DAD-9FFA-C337C1FD4EA1}.Debug|Any CPU.ActiveCfg = Debug|Any CPU
		{0D3E106A-94C3-4DAD-9FFA-C337C1FD4EA1}.Debug|Any CPU.Build.0 = Debug|Any CPU
		{0D3E106A-94C3-4DAD-9FFA-C337C1FD4EA1}.Debug|x64.ActiveCfg = Debug|Any CPU
		{0D3E106A-94C3-4DAD-9FFA-C337C1FD4EA1}.Debug|x64.Build.0 = Debug|Any CPU
		{0D3E106A-94C3-4DAD-9FFA-C337C1FD4EA1}.Debug|x86.ActiveCfg = Debug|Any CPU
		{0D3E106A-94C3-4DAD-9FFA-C337C1FD4EA1}.Debug|x86.Build.0 = Debug|Any CPU
		{0D3E106A-94C3-4DAD-9FFA-C337C1FD4EA1}.Debug20|Any CPU.ActiveCfg = Debug|Any CPU
		{0D3E106A-94C3-4DAD-9FFA-C337C1FD4EA1}.Debug20|Any CPU.Build.0 = Debug|Any CPU
		{0D3E106A-94C3-4DAD-9FFA-C337C1FD4EA1}.Debug20|x64.ActiveCfg = Debug20|Any CPU
		{0D3E106A-94C3-4DAD-9FFA-C337C1FD4EA1}.Debug20|x64.Build.0 = Debug20|Any CPU
		{0D3E106A-94C3-4DAD-9FFA-C337C1FD4EA1}.Debug20|x86.ActiveCfg = Debug20|Any CPU
		{0D3E106A-94C3-4DAD-9FFA-C337C1FD4EA1}.Debug20|x86.Build.0 = Debug20|Any CPU
		{0D3E106A-94C3-4DAD-9FFA-C337C1FD4EA1}.Release|Any CPU.ActiveCfg = Release|Any CPU
		{0D3E106A-94C3-4DAD-9FFA-C337C1FD4EA1}.Release|Any CPU.Build.0 = Release|Any CPU
		{0D3E106A-94C3-4DAD-9FFA-C337C1FD4EA1}.Release|x64.ActiveCfg = Release|Any CPU
		{0D3E106A-94C3-4DAD-9FFA-C337C1FD4EA1}.Release|x64.Build.0 = Release|Any CPU
		{0D3E106A-94C3-4DAD-9FFA-C337C1FD4EA1}.Release|x86.ActiveCfg = Release|Any CPU
		{0D3E106A-94C3-4DAD-9FFA-C337C1FD4EA1}.Release|x86.Build.0 = Release|Any CPU
		{A71BEB4E-97FD-4DEF-8D93-DC8DC8400038}.Debug|Any CPU.ActiveCfg = Debug|Any CPU
		{A71BEB4E-97FD-4DEF-8D93-DC8DC8400038}.Debug|Any CPU.Build.0 = Debug|Any CPU
		{A71BEB4E-97FD-4DEF-8D93-DC8DC8400038}.Debug|x64.ActiveCfg = Debug|Any CPU
		{A71BEB4E-97FD-4DEF-8D93-DC8DC8400038}.Debug|x64.Build.0 = Debug|Any CPU
		{A71BEB4E-97FD-4DEF-8D93-DC8DC8400038}.Debug|x86.ActiveCfg = Debug|Any CPU
		{A71BEB4E-97FD-4DEF-8D93-DC8DC8400038}.Debug|x86.Build.0 = Debug|Any CPU
		{A71BEB4E-97FD-4DEF-8D93-DC8DC8400038}.Debug20|Any CPU.ActiveCfg = Debug|Any CPU
		{A71BEB4E-97FD-4DEF-8D93-DC8DC8400038}.Debug20|Any CPU.Build.0 = Debug|Any CPU
		{A71BEB4E-97FD-4DEF-8D93-DC8DC8400038}.Debug20|x64.ActiveCfg = Debug20|Any CPU
		{A71BEB4E-97FD-4DEF-8D93-DC8DC8400038}.Debug20|x64.Build.0 = Debug20|Any CPU
		{A71BEB4E-97FD-4DEF-8D93-DC8DC8400038}.Debug20|x86.ActiveCfg = Debug20|Any CPU
		{A71BEB4E-97FD-4DEF-8D93-DC8DC8400038}.Debug20|x86.Build.0 = Debug20|Any CPU
		{A71BEB4E-97FD-4DEF-8D93-DC8DC8400038}.Release|Any CPU.ActiveCfg = Release|Any CPU
		{A71BEB4E-97FD-4DEF-8D93-DC8DC8400038}.Release|Any CPU.Build.0 = Release|Any CPU
		{A71BEB4E-97FD-4DEF-8D93-DC8DC8400038}.Release|x64.ActiveCfg = Release|Any CPU
		{A71BEB4E-97FD-4DEF-8D93-DC8DC8400038}.Release|x64.Build.0 = Release|Any CPU
		{A71BEB4E-97FD-4DEF-8D93-DC8DC8400038}.Release|x86.ActiveCfg = Release|Any CPU
		{A71BEB4E-97FD-4DEF-8D93-DC8DC8400038}.Release|x86.Build.0 = Release|Any CPU
		{0A2794C3-E153-466E-B134-C7D43278FBCD}.Debug|Any CPU.ActiveCfg = Debug|Any CPU
		{0A2794C3-E153-466E-B134-C7D43278FBCD}.Debug|Any CPU.Build.0 = Debug|Any CPU
		{0A2794C3-E153-466E-B134-C7D43278FBCD}.Debug|x64.ActiveCfg = Debug|Any CPU
		{0A2794C3-E153-466E-B134-C7D43278FBCD}.Debug|x64.Build.0 = Debug|Any CPU
		{0A2794C3-E153-466E-B134-C7D43278FBCD}.Debug|x86.ActiveCfg = Debug|Any CPU
		{0A2794C3-E153-466E-B134-C7D43278FBCD}.Debug|x86.Build.0 = Debug|Any CPU
		{0A2794C3-E153-466E-B134-C7D43278FBCD}.Debug20|Any CPU.ActiveCfg = Debug|Any CPU
		{0A2794C3-E153-466E-B134-C7D43278FBCD}.Debug20|Any CPU.Build.0 = Debug|Any CPU
		{0A2794C3-E153-466E-B134-C7D43278FBCD}.Debug20|x64.ActiveCfg = Debug20|Any CPU
		{0A2794C3-E153-466E-B134-C7D43278FBCD}.Debug20|x64.Build.0 = Debug20|Any CPU
		{0A2794C3-E153-466E-B134-C7D43278FBCD}.Debug20|x86.ActiveCfg = Debug20|Any CPU
		{0A2794C3-E153-466E-B134-C7D43278FBCD}.Debug20|x86.Build.0 = Debug20|Any CPU
		{0A2794C3-E153-466E-B134-C7D43278FBCD}.Release|Any CPU.ActiveCfg = Release|Any CPU
		{0A2794C3-E153-466E-B134-C7D43278FBCD}.Release|Any CPU.Build.0 = Release|Any CPU
		{0A2794C3-E153-466E-B134-C7D43278FBCD}.Release|x64.ActiveCfg = Release|Any CPU
		{0A2794C3-E153-466E-B134-C7D43278FBCD}.Release|x64.Build.0 = Release|Any CPU
		{0A2794C3-E153-466E-B134-C7D43278FBCD}.Release|x86.ActiveCfg = Release|Any CPU
		{0A2794C3-E153-466E-B134-C7D43278FBCD}.Release|x86.Build.0 = Release|Any CPU
		{01CAD641-170B-4382-89B8-F255BB6205CC}.Debug|Any CPU.ActiveCfg = Debug|Any CPU
		{01CAD641-170B-4382-89B8-F255BB6205CC}.Debug|Any CPU.Build.0 = Debug|Any CPU
		{01CAD641-170B-4382-89B8-F255BB6205CC}.Debug|x64.ActiveCfg = Debug|Any CPU
		{01CAD641-170B-4382-89B8-F255BB6205CC}.Debug|x64.Build.0 = Debug|Any CPU
		{01CAD641-170B-4382-89B8-F255BB6205CC}.Debug|x86.ActiveCfg = Debug|Any CPU
		{01CAD641-170B-4382-89B8-F255BB6205CC}.Debug|x86.Build.0 = Debug|Any CPU
		{01CAD641-170B-4382-89B8-F255BB6205CC}.Debug20|Any CPU.ActiveCfg = Debug|Any CPU
		{01CAD641-170B-4382-89B8-F255BB6205CC}.Debug20|Any CPU.Build.0 = Debug|Any CPU
		{01CAD641-170B-4382-89B8-F255BB6205CC}.Debug20|x64.ActiveCfg = Debug20|Any CPU
		{01CAD641-170B-4382-89B8-F255BB6205CC}.Debug20|x64.Build.0 = Debug20|Any CPU
		{01CAD641-170B-4382-89B8-F255BB6205CC}.Debug20|x86.ActiveCfg = Debug20|Any CPU
		{01CAD641-170B-4382-89B8-F255BB6205CC}.Debug20|x86.Build.0 = Debug20|Any CPU
		{01CAD641-170B-4382-89B8-F255BB6205CC}.Release|Any CPU.ActiveCfg = Release|Any CPU
		{01CAD641-170B-4382-89B8-F255BB6205CC}.Release|Any CPU.Build.0 = Release|Any CPU
		{01CAD641-170B-4382-89B8-F255BB6205CC}.Release|x64.ActiveCfg = Release|Any CPU
		{01CAD641-170B-4382-89B8-F255BB6205CC}.Release|x64.Build.0 = Release|Any CPU
		{01CAD641-170B-4382-89B8-F255BB6205CC}.Release|x86.ActiveCfg = Release|Any CPU
		{01CAD641-170B-4382-89B8-F255BB6205CC}.Release|x86.Build.0 = Release|Any CPU
		{0FD34657-2585-4DC9-AE57-4A3765C163BB}.Debug|Any CPU.ActiveCfg = Debug|Any CPU
		{0FD34657-2585-4DC9-AE57-4A3765C163BB}.Debug|Any CPU.Build.0 = Debug|Any CPU
		{0FD34657-2585-4DC9-AE57-4A3765C163BB}.Debug|x64.ActiveCfg = Debug|Any CPU
		{0FD34657-2585-4DC9-AE57-4A3765C163BB}.Debug|x64.Build.0 = Debug|Any CPU
		{0FD34657-2585-4DC9-AE57-4A3765C163BB}.Debug|x86.ActiveCfg = Debug|Any CPU
		{0FD34657-2585-4DC9-AE57-4A3765C163BB}.Debug|x86.Build.0 = Debug|Any CPU
		{0FD34657-2585-4DC9-AE57-4A3765C163BB}.Debug20|Any CPU.ActiveCfg = Debug|Any CPU
		{0FD34657-2585-4DC9-AE57-4A3765C163BB}.Debug20|Any CPU.Build.0 = Debug|Any CPU
		{0FD34657-2585-4DC9-AE57-4A3765C163BB}.Debug20|x64.ActiveCfg = Debug20|Any CPU
		{0FD34657-2585-4DC9-AE57-4A3765C163BB}.Debug20|x64.Build.0 = Debug20|Any CPU
		{0FD34657-2585-4DC9-AE57-4A3765C163BB}.Debug20|x86.ActiveCfg = Debug20|Any CPU
		{0FD34657-2585-4DC9-AE57-4A3765C163BB}.Debug20|x86.Build.0 = Debug20|Any CPU
		{0FD34657-2585-4DC9-AE57-4A3765C163BB}.Release|Any CPU.ActiveCfg = Release|Any CPU
		{0FD34657-2585-4DC9-AE57-4A3765C163BB}.Release|Any CPU.Build.0 = Release|Any CPU
		{0FD34657-2585-4DC9-AE57-4A3765C163BB}.Release|x64.ActiveCfg = Release|Any CPU
		{0FD34657-2585-4DC9-AE57-4A3765C163BB}.Release|x64.Build.0 = Release|Any CPU
		{0FD34657-2585-4DC9-AE57-4A3765C163BB}.Release|x86.ActiveCfg = Release|Any CPU
		{0FD34657-2585-4DC9-AE57-4A3765C163BB}.Release|x86.Build.0 = Release|Any CPU
		{7ED537FE-5479-4572-8758-D8420FDFAE18}.Debug|Any CPU.ActiveCfg = Debug|Any CPU
		{7ED537FE-5479-4572-8758-D8420FDFAE18}.Debug|Any CPU.Build.0 = Debug|Any CPU
		{7ED537FE-5479-4572-8758-D8420FDFAE18}.Debug|x64.ActiveCfg = Debug|Any CPU
		{7ED537FE-5479-4572-8758-D8420FDFAE18}.Debug|x64.Build.0 = Debug|Any CPU
		{7ED537FE-5479-4572-8758-D8420FDFAE18}.Debug|x86.ActiveCfg = Debug|Any CPU
		{7ED537FE-5479-4572-8758-D8420FDFAE18}.Debug|x86.Build.0 = Debug|Any CPU
		{7ED537FE-5479-4572-8758-D8420FDFAE18}.Debug20|Any CPU.ActiveCfg = Debug20|Any CPU
		{7ED537FE-5479-4572-8758-D8420FDFAE18}.Debug20|Any CPU.Build.0 = Debug20|Any CPU
		{7ED537FE-5479-4572-8758-D8420FDFAE18}.Debug20|x64.ActiveCfg = Debug20|Any CPU
		{7ED537FE-5479-4572-8758-D8420FDFAE18}.Debug20|x64.Build.0 = Debug20|Any CPU
		{7ED537FE-5479-4572-8758-D8420FDFAE18}.Debug20|x86.ActiveCfg = Debug20|Any CPU
		{7ED537FE-5479-4572-8758-D8420FDFAE18}.Debug20|x86.Build.0 = Debug20|Any CPU
		{7ED537FE-5479-4572-8758-D8420FDFAE18}.Release|Any CPU.ActiveCfg = Release|Any CPU
		{7ED537FE-5479-4572-8758-D8420FDFAE18}.Release|Any CPU.Build.0 = Release|Any CPU
		{7ED537FE-5479-4572-8758-D8420FDFAE18}.Release|x64.ActiveCfg = Release|Any CPU
		{7ED537FE-5479-4572-8758-D8420FDFAE18}.Release|x64.Build.0 = Release|Any CPU
		{7ED537FE-5479-4572-8758-D8420FDFAE18}.Release|x86.ActiveCfg = Release|Any CPU
		{7ED537FE-5479-4572-8758-D8420FDFAE18}.Release|x86.Build.0 = Release|Any CPU
		{F75C5599-EB9B-460C-A179-29FEABA59DA8}.Debug|Any CPU.ActiveCfg = Debug|Any CPU
		{F75C5599-EB9B-460C-A179-29FEABA59DA8}.Debug|Any CPU.Build.0 = Debug|Any CPU
		{F75C5599-EB9B-460C-A179-29FEABA59DA8}.Debug|x64.ActiveCfg = Debug|Any CPU
		{F75C5599-EB9B-460C-A179-29FEABA59DA8}.Debug|x64.Build.0 = Debug|Any CPU
		{F75C5599-EB9B-460C-A179-29FEABA59DA8}.Debug|x86.ActiveCfg = Debug|Any CPU
		{F75C5599-EB9B-460C-A179-29FEABA59DA8}.Debug|x86.Build.0 = Debug|Any CPU
		{F75C5599-EB9B-460C-A179-29FEABA59DA8}.Debug20|Any CPU.ActiveCfg = Debug|Any CPU
		{F75C5599-EB9B-460C-A179-29FEABA59DA8}.Debug20|Any CPU.Build.0 = Debug|Any CPU
		{F75C5599-EB9B-460C-A179-29FEABA59DA8}.Debug20|x64.ActiveCfg = Debug20|Any CPU
		{F75C5599-EB9B-460C-A179-29FEABA59DA8}.Debug20|x64.Build.0 = Debug20|Any CPU
		{F75C5599-EB9B-460C-A179-29FEABA59DA8}.Debug20|x86.ActiveCfg = Debug20|Any CPU
		{F75C5599-EB9B-460C-A179-29FEABA59DA8}.Debug20|x86.Build.0 = Debug20|Any CPU
		{F75C5599-EB9B-460C-A179-29FEABA59DA8}.Release|Any CPU.ActiveCfg = Release|Any CPU
		{F75C5599-EB9B-460C-A179-29FEABA59DA8}.Release|Any CPU.Build.0 = Release|Any CPU
		{F75C5599-EB9B-460C-A179-29FEABA59DA8}.Release|x64.ActiveCfg = Release|Any CPU
		{F75C5599-EB9B-460C-A179-29FEABA59DA8}.Release|x64.Build.0 = Release|Any CPU
		{F75C5599-EB9B-460C-A179-29FEABA59DA8}.Release|x86.ActiveCfg = Release|Any CPU
		{F75C5599-EB9B-460C-A179-29FEABA59DA8}.Release|x86.Build.0 = Release|Any CPU
		{1E41663B-CC3A-4F08-BA38-DBBF82DA0F7D}.Debug|Any CPU.ActiveCfg = Debug|Any CPU
		{1E41663B-CC3A-4F08-BA38-DBBF82DA0F7D}.Debug|Any CPU.Build.0 = Debug|Any CPU
		{1E41663B-CC3A-4F08-BA38-DBBF82DA0F7D}.Debug|x64.ActiveCfg = Debug|Any CPU
		{1E41663B-CC3A-4F08-BA38-DBBF82DA0F7D}.Debug|x64.Build.0 = Debug|Any CPU
		{1E41663B-CC3A-4F08-BA38-DBBF82DA0F7D}.Debug|x86.ActiveCfg = Debug|Any CPU
		{1E41663B-CC3A-4F08-BA38-DBBF82DA0F7D}.Debug|x86.Build.0 = Debug|Any CPU
		{1E41663B-CC3A-4F08-BA38-DBBF82DA0F7D}.Debug20|Any CPU.ActiveCfg = Debug|Any CPU
		{1E41663B-CC3A-4F08-BA38-DBBF82DA0F7D}.Debug20|Any CPU.Build.0 = Debug|Any CPU
		{1E41663B-CC3A-4F08-BA38-DBBF82DA0F7D}.Debug20|x64.ActiveCfg = Debug20|Any CPU
		{1E41663B-CC3A-4F08-BA38-DBBF82DA0F7D}.Debug20|x64.Build.0 = Debug20|Any CPU
		{1E41663B-CC3A-4F08-BA38-DBBF82DA0F7D}.Debug20|x86.ActiveCfg = Debug20|Any CPU
		{1E41663B-CC3A-4F08-BA38-DBBF82DA0F7D}.Debug20|x86.Build.0 = Debug20|Any CPU
		{1E41663B-CC3A-4F08-BA38-DBBF82DA0F7D}.Release|Any CPU.ActiveCfg = Release|Any CPU
		{1E41663B-CC3A-4F08-BA38-DBBF82DA0F7D}.Release|Any CPU.Build.0 = Release|Any CPU
		{1E41663B-CC3A-4F08-BA38-DBBF82DA0F7D}.Release|x64.ActiveCfg = Release|Any CPU
		{1E41663B-CC3A-4F08-BA38-DBBF82DA0F7D}.Release|x64.Build.0 = Release|Any CPU
		{1E41663B-CC3A-4F08-BA38-DBBF82DA0F7D}.Release|x86.ActiveCfg = Release|Any CPU
		{1E41663B-CC3A-4F08-BA38-DBBF82DA0F7D}.Release|x86.Build.0 = Release|Any CPU
		{30B2E561-0984-4E82-9B6F-34F7CC123D83}.Debug|Any CPU.ActiveCfg = Debug|Any CPU
		{30B2E561-0984-4E82-9B6F-34F7CC123D83}.Debug|Any CPU.Build.0 = Debug|Any CPU
		{30B2E561-0984-4E82-9B6F-34F7CC123D83}.Debug|x64.ActiveCfg = Debug|Any CPU
		{30B2E561-0984-4E82-9B6F-34F7CC123D83}.Debug|x64.Build.0 = Debug|Any CPU
		{30B2E561-0984-4E82-9B6F-34F7CC123D83}.Debug|x86.ActiveCfg = Debug|Any CPU
		{30B2E561-0984-4E82-9B6F-34F7CC123D83}.Debug|x86.Build.0 = Debug|Any CPU
		{30B2E561-0984-4E82-9B6F-34F7CC123D83}.Debug20|Any CPU.ActiveCfg = Debug|Any CPU
		{30B2E561-0984-4E82-9B6F-34F7CC123D83}.Debug20|Any CPU.Build.0 = Debug|Any CPU
		{30B2E561-0984-4E82-9B6F-34F7CC123D83}.Debug20|x64.ActiveCfg = Debug20|Any CPU
		{30B2E561-0984-4E82-9B6F-34F7CC123D83}.Debug20|x64.Build.0 = Debug20|Any CPU
		{30B2E561-0984-4E82-9B6F-34F7CC123D83}.Debug20|x86.ActiveCfg = Debug20|Any CPU
		{30B2E561-0984-4E82-9B6F-34F7CC123D83}.Debug20|x86.Build.0 = Debug20|Any CPU
		{30B2E561-0984-4E82-9B6F-34F7CC123D83}.Release|Any CPU.ActiveCfg = Release|Any CPU
		{30B2E561-0984-4E82-9B6F-34F7CC123D83}.Release|Any CPU.Build.0 = Release|Any CPU
		{30B2E561-0984-4E82-9B6F-34F7CC123D83}.Release|x64.ActiveCfg = Release|Any CPU
		{30B2E561-0984-4E82-9B6F-34F7CC123D83}.Release|x64.Build.0 = Release|Any CPU
		{30B2E561-0984-4E82-9B6F-34F7CC123D83}.Release|x86.ActiveCfg = Release|Any CPU
		{30B2E561-0984-4E82-9B6F-34F7CC123D83}.Release|x86.Build.0 = Release|Any CPU
		{ED335FB8-EA37-4FB8-A5CB-3BD909908A06}.Debug|Any CPU.ActiveCfg = Debug|Any CPU
		{ED335FB8-EA37-4FB8-A5CB-3BD909908A06}.Debug|Any CPU.Build.0 = Debug|Any CPU
		{ED335FB8-EA37-4FB8-A5CB-3BD909908A06}.Debug|x64.ActiveCfg = Debug|Any CPU
		{ED335FB8-EA37-4FB8-A5CB-3BD909908A06}.Debug|x64.Build.0 = Debug|Any CPU
		{ED335FB8-EA37-4FB8-A5CB-3BD909908A06}.Debug|x86.ActiveCfg = Debug|Any CPU
		{ED335FB8-EA37-4FB8-A5CB-3BD909908A06}.Debug|x86.Build.0 = Debug|Any CPU
		{ED335FB8-EA37-4FB8-A5CB-3BD909908A06}.Debug20|Any CPU.ActiveCfg = Debug|Any CPU
		{ED335FB8-EA37-4FB8-A5CB-3BD909908A06}.Debug20|Any CPU.Build.0 = Debug|Any CPU
		{ED335FB8-EA37-4FB8-A5CB-3BD909908A06}.Debug20|x64.ActiveCfg = Debug|Any CPU
		{ED335FB8-EA37-4FB8-A5CB-3BD909908A06}.Debug20|x64.Build.0 = Debug|Any CPU
		{ED335FB8-EA37-4FB8-A5CB-3BD909908A06}.Debug20|x86.ActiveCfg = Debug|Any CPU
		{ED335FB8-EA37-4FB8-A5CB-3BD909908A06}.Debug20|x86.Build.0 = Debug|Any CPU
		{ED335FB8-EA37-4FB8-A5CB-3BD909908A06}.Release|Any CPU.ActiveCfg = Release|Any CPU
		{ED335FB8-EA37-4FB8-A5CB-3BD909908A06}.Release|Any CPU.Build.0 = Release|Any CPU
		{ED335FB8-EA37-4FB8-A5CB-3BD909908A06}.Release|x64.ActiveCfg = Release|Any CPU
		{ED335FB8-EA37-4FB8-A5CB-3BD909908A06}.Release|x64.Build.0 = Release|Any CPU
		{ED335FB8-EA37-4FB8-A5CB-3BD909908A06}.Release|x86.ActiveCfg = Release|Any CPU
		{ED335FB8-EA37-4FB8-A5CB-3BD909908A06}.Release|x86.Build.0 = Release|Any CPU
		{075521CF-5C68-4A18-969D-48291EB30FA7}.Debug|Any CPU.ActiveCfg = Debug|Any CPU
		{075521CF-5C68-4A18-969D-48291EB30FA7}.Debug|Any CPU.Build.0 = Debug|Any CPU
		{075521CF-5C68-4A18-969D-48291EB30FA7}.Debug|x64.ActiveCfg = Debug|Any CPU
		{075521CF-5C68-4A18-969D-48291EB30FA7}.Debug|x64.Build.0 = Debug|Any CPU
		{075521CF-5C68-4A18-969D-48291EB30FA7}.Debug|x86.ActiveCfg = Debug|Any CPU
		{075521CF-5C68-4A18-969D-48291EB30FA7}.Debug|x86.Build.0 = Debug|Any CPU
		{075521CF-5C68-4A18-969D-48291EB30FA7}.Debug20|Any CPU.ActiveCfg = Debug|Any CPU
		{075521CF-5C68-4A18-969D-48291EB30FA7}.Debug20|Any CPU.Build.0 = Debug|Any CPU
		{075521CF-5C68-4A18-969D-48291EB30FA7}.Debug20|x64.ActiveCfg = Debug|Any CPU
		{075521CF-5C68-4A18-969D-48291EB30FA7}.Debug20|x64.Build.0 = Debug|Any CPU
		{075521CF-5C68-4A18-969D-48291EB30FA7}.Debug20|x86.ActiveCfg = Debug|Any CPU
		{075521CF-5C68-4A18-969D-48291EB30FA7}.Debug20|x86.Build.0 = Debug|Any CPU
		{075521CF-5C68-4A18-969D-48291EB30FA7}.Release|Any CPU.ActiveCfg = Release|Any CPU
		{075521CF-5C68-4A18-969D-48291EB30FA7}.Release|Any CPU.Build.0 = Release|Any CPU
		{075521CF-5C68-4A18-969D-48291EB30FA7}.Release|x64.ActiveCfg = Release|Any CPU
		{075521CF-5C68-4A18-969D-48291EB30FA7}.Release|x64.Build.0 = Release|Any CPU
		{075521CF-5C68-4A18-969D-48291EB30FA7}.Release|x86.ActiveCfg = Release|Any CPU
		{075521CF-5C68-4A18-969D-48291EB30FA7}.Release|x86.Build.0 = Release|Any CPU
		{D473E52F-9DE1-48F0-A96E-E3F4C780F579}.Debug|Any CPU.ActiveCfg = Debug|Any CPU
		{D473E52F-9DE1-48F0-A96E-E3F4C780F579}.Debug|Any CPU.Build.0 = Debug|Any CPU
		{D473E52F-9DE1-48F0-A96E-E3F4C780F579}.Debug|x64.ActiveCfg = Debug|Any CPU
		{D473E52F-9DE1-48F0-A96E-E3F4C780F579}.Debug|x64.Build.0 = Debug|Any CPU
		{D473E52F-9DE1-48F0-A96E-E3F4C780F579}.Debug|x86.ActiveCfg = Debug|Any CPU
		{D473E52F-9DE1-48F0-A96E-E3F4C780F579}.Debug|x86.Build.0 = Debug|Any CPU
		{D473E52F-9DE1-48F0-A96E-E3F4C780F579}.Debug20|Any CPU.ActiveCfg = Debug|Any CPU
		{D473E52F-9DE1-48F0-A96E-E3F4C780F579}.Debug20|Any CPU.Build.0 = Debug|Any CPU
		{D473E52F-9DE1-48F0-A96E-E3F4C780F579}.Debug20|x64.ActiveCfg = Debug|Any CPU
		{D473E52F-9DE1-48F0-A96E-E3F4C780F579}.Debug20|x64.Build.0 = Debug|Any CPU
		{D473E52F-9DE1-48F0-A96E-E3F4C780F579}.Debug20|x86.ActiveCfg = Debug|Any CPU
		{D473E52F-9DE1-48F0-A96E-E3F4C780F579}.Debug20|x86.Build.0 = Debug|Any CPU
		{D473E52F-9DE1-48F0-A96E-E3F4C780F579}.Release|Any CPU.ActiveCfg = Release|Any CPU
		{D473E52F-9DE1-48F0-A96E-E3F4C780F579}.Release|Any CPU.Build.0 = Release|Any CPU
		{D473E52F-9DE1-48F0-A96E-E3F4C780F579}.Release|x64.ActiveCfg = Release|Any CPU
		{D473E52F-9DE1-48F0-A96E-E3F4C780F579}.Release|x64.Build.0 = Release|Any CPU
		{D473E52F-9DE1-48F0-A96E-E3F4C780F579}.Release|x86.ActiveCfg = Release|Any CPU
		{D473E52F-9DE1-48F0-A96E-E3F4C780F579}.Release|x86.Build.0 = Release|Any CPU
		{DEDB53E4-AB0A-47FB-8A19-4B74C988B717}.Debug|Any CPU.ActiveCfg = Debug|Any CPU
		{DEDB53E4-AB0A-47FB-8A19-4B74C988B717}.Debug|Any CPU.Build.0 = Debug|Any CPU
		{DEDB53E4-AB0A-47FB-8A19-4B74C988B717}.Debug|x64.ActiveCfg = Debug|Any CPU
		{DEDB53E4-AB0A-47FB-8A19-4B74C988B717}.Debug|x64.Build.0 = Debug|Any CPU
		{DEDB53E4-AB0A-47FB-8A19-4B74C988B717}.Debug|x86.ActiveCfg = Debug|Any CPU
		{DEDB53E4-AB0A-47FB-8A19-4B74C988B717}.Debug|x86.Build.0 = Debug|Any CPU
		{DEDB53E4-AB0A-47FB-8A19-4B74C988B717}.Debug20|Any CPU.ActiveCfg = Debug|Any CPU
		{DEDB53E4-AB0A-47FB-8A19-4B74C988B717}.Debug20|Any CPU.Build.0 = Debug|Any CPU
		{DEDB53E4-AB0A-47FB-8A19-4B74C988B717}.Debug20|x64.ActiveCfg = Debug|Any CPU
		{DEDB53E4-AB0A-47FB-8A19-4B74C988B717}.Debug20|x64.Build.0 = Debug|Any CPU
		{DEDB53E4-AB0A-47FB-8A19-4B74C988B717}.Debug20|x86.ActiveCfg = Debug|Any CPU
		{DEDB53E4-AB0A-47FB-8A19-4B74C988B717}.Debug20|x86.Build.0 = Debug|Any CPU
		{DEDB53E4-AB0A-47FB-8A19-4B74C988B717}.Release|Any CPU.ActiveCfg = Release|Any CPU
		{DEDB53E4-AB0A-47FB-8A19-4B74C988B717}.Release|Any CPU.Build.0 = Release|Any CPU
		{DEDB53E4-AB0A-47FB-8A19-4B74C988B717}.Release|x64.ActiveCfg = Release|Any CPU
		{DEDB53E4-AB0A-47FB-8A19-4B74C988B717}.Release|x64.Build.0 = Release|Any CPU
		{DEDB53E4-AB0A-47FB-8A19-4B74C988B717}.Release|x86.ActiveCfg = Release|Any CPU
		{DEDB53E4-AB0A-47FB-8A19-4B74C988B717}.Release|x86.Build.0 = Release|Any CPU
		{C0AAAA92-C072-408C-B7DB-446B5818FFB9}.Debug|Any CPU.ActiveCfg = Debug|Any CPU
		{C0AAAA92-C072-408C-B7DB-446B5818FFB9}.Debug|Any CPU.Build.0 = Debug|Any CPU
		{C0AAAA92-C072-408C-B7DB-446B5818FFB9}.Debug|x64.ActiveCfg = Debug|Any CPU
		{C0AAAA92-C072-408C-B7DB-446B5818FFB9}.Debug|x64.Build.0 = Debug|Any CPU
		{C0AAAA92-C072-408C-B7DB-446B5818FFB9}.Debug|x86.ActiveCfg = Debug|Any CPU
		{C0AAAA92-C072-408C-B7DB-446B5818FFB9}.Debug|x86.Build.0 = Debug|Any CPU
		{C0AAAA92-C072-408C-B7DB-446B5818FFB9}.Debug20|Any CPU.ActiveCfg = Debug|Any CPU
		{C0AAAA92-C072-408C-B7DB-446B5818FFB9}.Debug20|Any CPU.Build.0 = Debug|Any CPU
		{C0AAAA92-C072-408C-B7DB-446B5818FFB9}.Debug20|x64.ActiveCfg = Debug|Any CPU
		{C0AAAA92-C072-408C-B7DB-446B5818FFB9}.Debug20|x64.Build.0 = Debug|Any CPU
		{C0AAAA92-C072-408C-B7DB-446B5818FFB9}.Debug20|x86.ActiveCfg = Debug|Any CPU
		{C0AAAA92-C072-408C-B7DB-446B5818FFB9}.Debug20|x86.Build.0 = Debug|Any CPU
		{C0AAAA92-C072-408C-B7DB-446B5818FFB9}.Release|Any CPU.ActiveCfg = Release|Any CPU
		{C0AAAA92-C072-408C-B7DB-446B5818FFB9}.Release|Any CPU.Build.0 = Release|Any CPU
		{C0AAAA92-C072-408C-B7DB-446B5818FFB9}.Release|x64.ActiveCfg = Release|Any CPU
		{C0AAAA92-C072-408C-B7DB-446B5818FFB9}.Release|x64.Build.0 = Release|Any CPU
		{C0AAAA92-C072-408C-B7DB-446B5818FFB9}.Release|x86.ActiveCfg = Release|Any CPU
		{C0AAAA92-C072-408C-B7DB-446B5818FFB9}.Release|x86.Build.0 = Release|Any CPU
		{C7543022-E2A2-4270-AF75-05DF786EF4EE}.Debug|Any CPU.ActiveCfg = Debug|Any CPU
		{C7543022-E2A2-4270-AF75-05DF786EF4EE}.Debug|Any CPU.Build.0 = Debug|Any CPU
		{C7543022-E2A2-4270-AF75-05DF786EF4EE}.Debug|x64.ActiveCfg = Debug|Any CPU
		{C7543022-E2A2-4270-AF75-05DF786EF4EE}.Debug|x64.Build.0 = Debug|Any CPU
		{C7543022-E2A2-4270-AF75-05DF786EF4EE}.Debug|x86.ActiveCfg = Debug|Any CPU
		{C7543022-E2A2-4270-AF75-05DF786EF4EE}.Debug|x86.Build.0 = Debug|Any CPU
		{C7543022-E2A2-4270-AF75-05DF786EF4EE}.Debug20|Any CPU.ActiveCfg = Debug|Any CPU
		{C7543022-E2A2-4270-AF75-05DF786EF4EE}.Debug20|Any CPU.Build.0 = Debug|Any CPU
		{C7543022-E2A2-4270-AF75-05DF786EF4EE}.Debug20|x64.ActiveCfg = Debug|Any CPU
		{C7543022-E2A2-4270-AF75-05DF786EF4EE}.Debug20|x64.Build.0 = Debug|Any CPU
		{C7543022-E2A2-4270-AF75-05DF786EF4EE}.Debug20|x86.ActiveCfg = Debug|Any CPU
		{C7543022-E2A2-4270-AF75-05DF786EF4EE}.Debug20|x86.Build.0 = Debug|Any CPU
		{C7543022-E2A2-4270-AF75-05DF786EF4EE}.Release|Any CPU.ActiveCfg = Release|Any CPU
		{C7543022-E2A2-4270-AF75-05DF786EF4EE}.Release|Any CPU.Build.0 = Release|Any CPU
		{C7543022-E2A2-4270-AF75-05DF786EF4EE}.Release|x64.ActiveCfg = Release|Any CPU
		{C7543022-E2A2-4270-AF75-05DF786EF4EE}.Release|x64.Build.0 = Release|Any CPU
		{C7543022-E2A2-4270-AF75-05DF786EF4EE}.Release|x86.ActiveCfg = Release|Any CPU
		{C7543022-E2A2-4270-AF75-05DF786EF4EE}.Release|x86.Build.0 = Release|Any CPU
		{9C6F80CE-03E2-42E6-8F8C-C8AED9C63843}.Debug|Any CPU.ActiveCfg = Debug|Any CPU
		{9C6F80CE-03E2-42E6-8F8C-C8AED9C63843}.Debug|Any CPU.Build.0 = Debug|Any CPU
		{9C6F80CE-03E2-42E6-8F8C-C8AED9C63843}.Debug|x64.ActiveCfg = Debug|Any CPU
		{9C6F80CE-03E2-42E6-8F8C-C8AED9C63843}.Debug|x64.Build.0 = Debug|Any CPU
		{9C6F80CE-03E2-42E6-8F8C-C8AED9C63843}.Debug|x86.ActiveCfg = Debug|Any CPU
		{9C6F80CE-03E2-42E6-8F8C-C8AED9C63843}.Debug|x86.Build.0 = Debug|Any CPU
		{9C6F80CE-03E2-42E6-8F8C-C8AED9C63843}.Debug20|Any CPU.ActiveCfg = Debug|Any CPU
		{9C6F80CE-03E2-42E6-8F8C-C8AED9C63843}.Debug20|Any CPU.Build.0 = Debug|Any CPU
		{9C6F80CE-03E2-42E6-8F8C-C8AED9C63843}.Debug20|x64.ActiveCfg = Debug|Any CPU
		{9C6F80CE-03E2-42E6-8F8C-C8AED9C63843}.Debug20|x64.Build.0 = Debug|Any CPU
		{9C6F80CE-03E2-42E6-8F8C-C8AED9C63843}.Debug20|x86.ActiveCfg = Debug|Any CPU
		{9C6F80CE-03E2-42E6-8F8C-C8AED9C63843}.Debug20|x86.Build.0 = Debug|Any CPU
		{9C6F80CE-03E2-42E6-8F8C-C8AED9C63843}.Release|Any CPU.ActiveCfg = Release|Any CPU
		{9C6F80CE-03E2-42E6-8F8C-C8AED9C63843}.Release|Any CPU.Build.0 = Release|Any CPU
		{9C6F80CE-03E2-42E6-8F8C-C8AED9C63843}.Release|x64.ActiveCfg = Release|Any CPU
		{9C6F80CE-03E2-42E6-8F8C-C8AED9C63843}.Release|x64.Build.0 = Release|Any CPU
		{9C6F80CE-03E2-42E6-8F8C-C8AED9C63843}.Release|x86.ActiveCfg = Release|Any CPU
		{9C6F80CE-03E2-42E6-8F8C-C8AED9C63843}.Release|x86.Build.0 = Release|Any CPU
	EndGlobalSection
	GlobalSection(SolutionProperties) = preSolution
		HideSolutionNode = FALSE
	EndGlobalSection
	GlobalSection(NestedProjects) = preSolution
		{C26C3C52-C565-4559-83D0-DED91C791650} = {672FEA18-F072-4549-9C4C-DBD1F9CDC7BB}
		{40AEBE01-FEE8-4C0B-A14D-B6535560D384} = {672FEA18-F072-4549-9C4C-DBD1F9CDC7BB}
		{0D3E106A-94C3-4DAD-9FFA-C337C1FD4EA1} = {C26C3C52-C565-4559-83D0-DED91C791650}
		{A71BEB4E-97FD-4DEF-8D93-DC8DC8400038} = {361A1FEC-BBC1-456D-9090-82020715DD8A}
		{B562D54A-AC7C-4F65-9A83-084C6A6887FA} = {672FEA18-F072-4549-9C4C-DBD1F9CDC7BB}
		{0A2794C3-E153-466E-B134-C7D43278FBCD} = {1F24DE32-0F7C-4307-8399-9853C62865A3}
		{01CAD641-170B-4382-89B8-F255BB6205CC} = {448867BE-B89E-4B72-9BA0-43A83A99FDDD}
		{361A1FEC-BBC1-456D-9090-82020715DD8A} = {672FEA18-F072-4549-9C4C-DBD1F9CDC7BB}
		{0FD34657-2585-4DC9-AE57-4A3765C163BB} = {40AEBE01-FEE8-4C0B-A14D-B6535560D384}
		{7ED537FE-5479-4572-8758-D8420FDFAE18} = {40AEBE01-FEE8-4C0B-A14D-B6535560D384}
		{F75C5599-EB9B-460C-A179-29FEABA59DA8} = {B562D54A-AC7C-4F65-9A83-084C6A6887FA}
		{1E41663B-CC3A-4F08-BA38-DBBF82DA0F7D} = {40AEBE01-FEE8-4C0B-A14D-B6535560D384}
		{30B2E561-0984-4E82-9B6F-34F7CC123D83} = {40AEBE01-FEE8-4C0B-A14D-B6535560D384}
		{ED335FB8-EA37-4FB8-A5CB-3BD909908A06} = {73FCFCF4-3A1C-4D4D-939A-9CABDC2341DC}
		{075521CF-5C68-4A18-969D-48291EB30FA7} = {73FCFCF4-3A1C-4D4D-939A-9CABDC2341DC}
		{D473E52F-9DE1-48F0-A96E-E3F4C780F579} = {73FCFCF4-3A1C-4D4D-939A-9CABDC2341DC}
		{DEDB53E4-AB0A-47FB-8A19-4B74C988B717} = {672FEA18-F072-4549-9C4C-DBD1F9CDC7BB}
		{C0AAAA92-C072-408C-B7DB-446B5818FFB9} = {C26C3C52-C565-4559-83D0-DED91C791650}
		{C7543022-E2A2-4270-AF75-05DF786EF4EE} = {B562D54A-AC7C-4F65-9A83-084C6A6887FA}
		{9C6F80CE-03E2-42E6-8F8C-C8AED9C63843} = {361A1FEC-BBC1-456D-9090-82020715DD8A}
	EndGlobalSection
	GlobalSection(ExtensibilityGlobals) = postSolution
		SolutionGuid = {2E316A19-467A-4E08-9E0C-03014C12FCC0}
	EndGlobalSection
EndGlobal
