
Microsoft Visual Studio Solution File, Format Version 12.00
# Visual Studio Version 17
VisualStudioVersion = 17.0.32126.317
MinimumVisualStudioVersion = 10.0.40219.1
Project("{2150E333-8FDC-42A3-9474-1A3956D46DE8}") = "src", "src", "{672FEA18-F072-4549-9C4C-DBD1F9CDC7BB}"
EndProject
Project("{2150E333-8FDC-42A3-9474-1A3956D46DE8}") = "_", "_", "{E9754587-13F5-4E3A-9F3F-71C98EF97990}"
	ProjectSection(SolutionItems) = preProject
		.gitattributes = .gitattributes
		.gitignore = .gitignore
		Directory.Build.props = Directory.Build.props
		Directory.Build.targets = Directory.Build.targets
		global.json = global.json
		LICENSE = LICENSE
		NuGet.Config = NuGet.Config
		README.md = README.md
	EndProjectSection
	ProjectSection(FolderGlobals) = preProject
		D_5_4Myvas_4dev_4AspNetCore_4Myvas_1AspNetCore_1Weixin_4Myvas_1AspNetCore_1Weixin_4global_1json__JsonSchema = 
	EndProjectSection
EndProject
Project("{2150E333-8FDC-42A3-9474-1A3956D46DE8}") = "test", "test", "{73FCFCF4-3A1C-4D4D-939A-9CABDC2341DC}"
EndProject
Project("{9A19103F-16F7-4668-BE54-9A1E7A4F7556}") = "test", "test\test.csproj", "{74A3C863-09CC-4700-A688-1DF8B26C951B}"
EndProject
Project("{9A19103F-16F7-4668-BE54-9A1E7A4F7556}") = "Myvas.AspNetCore.Weixin", "src\Weixin\Myvas.AspNetCore.Weixin.csproj", "{9B8E8031-ACD1-43A4-98A0-4142CEA57B94}"
EndProject
Project("{9A19103F-16F7-4668-BE54-9A1E7A4F7556}") = "Myvas.AspNetCore.Weixin.Jssdk", "src\Weixin.Jssdk\Myvas.AspNetCore.Weixin.Jssdk.csproj", "{6DE72631-538C-4F33-8891-D1F9E61634B6}"
EndProject
Project("{9A19103F-16F7-4668-BE54-9A1E7A4F7556}") = "Myvas.AspNetCore.Weixin.Core", "src\Myvas.AspNetCore.Weixin.Core\Myvas.AspNetCore.Weixin.Core.csproj", "{229DF91B-4AFF-441D-8FB3-B31363E96578}"
EndProject
Project("{9A19103F-16F7-4668-BE54-9A1E7A4F7556}") = "Myvas.AspNetCore.Weixin.EntityFrameworkCore", "src\Myvas.AspNetCore.Weixin.EntityFrameworkCore\Myvas.AspNetCore.Weixin.EntityFrameworkCore.csproj", "{175C80CD-019C-419C-B72F-4902C1238269}"
EndProject
Project("{9A19103F-16F7-4668-BE54-9A1E7A4F7556}") = "Myvas.AspNetCore.Weixin.Api", "src\Myvas.AspNetCore.Weixin.Api\Myvas.AspNetCore.Weixin.Api.csproj", "{5FBB65BA-E7EA-4A9B-8253-221A4143A02F}"
EndProject
Project("{2150E333-8FDC-42A3-9474-1A3956D46DE8}") = "31_Api", "31_Api", "{C26C3C52-C565-4559-83D0-DED91C791650}"
EndProject
Project("{2150E333-8FDC-42A3-9474-1A3956D46DE8}") = "41_Site", "41_Site", "{40AEBE01-FEE8-4C0B-A14D-B6535560D384}"
EndProject
Project("{9A19103F-16F7-4668-BE54-9A1E7A4F7556}") = "Myvas.AspNetCore.Weixin.Site", "src\Myvas.AspNetCore.Weixin.Site\Myvas.AspNetCore.Weixin.Site.csproj", "{CCF1DA54-D5D2-4D67-B097-1DBA32F887A2}"
EndProject
Project("{9A19103F-16F7-4668-BE54-9A1E7A4F7556}") = "Myvas.AspNetCore.Weixin.Storage", "src\Storage\Myvas.AspNetCore.Weixin.Storage.csproj", "{0D3E106A-94C3-4DAD-9FFA-C337C1FD4EA1}"
EndProject
Project("{9A19103F-16F7-4668-BE54-9A1E7A4F7556}") = "Myvas.AspNetCore.Weixin.EntityFrameworkCore.Storage", "src\EntityFrameworkCore.Storage\Myvas.AspNetCore.Weixin.EntityFrameworkCore.Storage.csproj", "{A71BEB4E-97FD-4DEF-8D93-DC8DC8400038}"
EndProject
Project("{2150E333-8FDC-42A3-9474-1A3956D46DE8}") = "11_Storage", "11_Storage", "{6DA87041-71DB-4F59-8CD8-D1B8F24BED9B}"
EndProject
Project("{2150E333-8FDC-42A3-9474-1A3956D46DE8}") = "12_EntityFramework.Storage", "12_EntityFramework.Storage", "{2CB39249-603A-4EFD-B14B-A88710331D61}"
EndProject
Project("{2150E333-8FDC-42A3-9474-1A3956D46DE8}") = "21_EntityFramework", "21_EntityFramework", "{B562D54A-AC7C-4F65-9A83-084C6A6887FA}"
EndProject
Project("{2150E333-8FDC-42A3-9474-1A3956D46DE8}") = "hosts", "hosts", "{1F24DE32-0F7C-4307-8399-9853C62865A3}"
EndProject
Project("{2150E333-8FDC-42A3-9474-1A3956D46DE8}") = "migrations", "migrations", "{E4A02C1F-13BF-46B9-AD00-2FD88BC5AFDF}"
EndProject
Project("{9A19103F-16F7-4668-BE54-9A1E7A4F7556}") = "Host.Main", "hosts\WeixinSiteHost\Host.Main.csproj", "{0A2794C3-E153-466E-B134-C7D43278FBCD}"
EndProject
Project("{2150E333-8FDC-42A3-9474-1A3956D46DE8}") = "samples", "samples", "{448867BE-B89E-4B72-9BA0-43A83A99FDDD}"
EndProject
Project("{9A19103F-16F7-4668-BE54-9A1E7A4F7556}") = "WeixinSiteSample", "samples\WeixinSiteSample\WeixinSiteSample.csproj", "{01CAD641-170B-4382-89B8-F255BB6205CC}"
EndProject
Project("{9A19103F-16F7-4668-BE54-9A1E7A4F7556}") = "Myvas.AspNetCore.Weixin.UserManager", "src\Api\Myvas.AspNetCore.Weixin.UserManager\Myvas.AspNetCore.Weixin.UserManager.csproj", "{2EB1A2C2-BD0D-4052-9AE3-CEC2B6958F17}"
EndProject
Global
	GlobalSection(SolutionConfigurationPlatforms) = preSolution
		Debug|Any CPU = Debug|Any CPU
		Release|Any CPU = Release|Any CPU
	EndGlobalSection
	GlobalSection(ProjectConfigurationPlatforms) = postSolution
		{74A3C863-09CC-4700-A688-1DF8B26C951B}.Debug|Any CPU.ActiveCfg = Debug|Any CPU
		{74A3C863-09CC-4700-A688-1DF8B26C951B}.Debug|Any CPU.Build.0 = Debug|Any CPU
		{74A3C863-09CC-4700-A688-1DF8B26C951B}.Release|Any CPU.ActiveCfg = Release|Any CPU
		{74A3C863-09CC-4700-A688-1DF8B26C951B}.Release|Any CPU.Build.0 = Release|Any CPU
		{9B8E8031-ACD1-43A4-98A0-4142CEA57B94}.Debug|Any CPU.ActiveCfg = Debug|Any CPU
		{9B8E8031-ACD1-43A4-98A0-4142CEA57B94}.Debug|Any CPU.Build.0 = Debug|Any CPU
		{9B8E8031-ACD1-43A4-98A0-4142CEA57B94}.Release|Any CPU.ActiveCfg = Release|Any CPU
		{9B8E8031-ACD1-43A4-98A0-4142CEA57B94}.Release|Any CPU.Build.0 = Release|Any CPU
		{6DE72631-538C-4F33-8891-D1F9E61634B6}.Debug|Any CPU.ActiveCfg = Debug|Any CPU
		{6DE72631-538C-4F33-8891-D1F9E61634B6}.Debug|Any CPU.Build.0 = Debug|Any CPU
		{6DE72631-538C-4F33-8891-D1F9E61634B6}.Release|Any CPU.ActiveCfg = Release|Any CPU
		{6DE72631-538C-4F33-8891-D1F9E61634B6}.Release|Any CPU.Build.0 = Release|Any CPU
		{229DF91B-4AFF-441D-8FB3-B31363E96578}.Debug|Any CPU.ActiveCfg = Debug|Any CPU
		{229DF91B-4AFF-441D-8FB3-B31363E96578}.Debug|Any CPU.Build.0 = Debug|Any CPU
		{229DF91B-4AFF-441D-8FB3-B31363E96578}.Release|Any CPU.ActiveCfg = Release|Any CPU
		{229DF91B-4AFF-441D-8FB3-B31363E96578}.Release|Any CPU.Build.0 = Release|Any CPU
		{175C80CD-019C-419C-B72F-4902C1238269}.Debug|Any CPU.ActiveCfg = Debug|Any CPU
		{175C80CD-019C-419C-B72F-4902C1238269}.Debug|Any CPU.Build.0 = Debug|Any CPU
		{175C80CD-019C-419C-B72F-4902C1238269}.Release|Any CPU.ActiveCfg = Release|Any CPU
		{175C80CD-019C-419C-B72F-4902C1238269}.Release|Any CPU.Build.0 = Release|Any CPU
		{5FBB65BA-E7EA-4A9B-8253-221A4143A02F}.Debug|Any CPU.ActiveCfg = Debug|Any CPU
		{5FBB65BA-E7EA-4A9B-8253-221A4143A02F}.Debug|Any CPU.Build.0 = Debug|Any CPU
		{5FBB65BA-E7EA-4A9B-8253-221A4143A02F}.Release|Any CPU.ActiveCfg = Release|Any CPU
		{5FBB65BA-E7EA-4A9B-8253-221A4143A02F}.Release|Any CPU.Build.0 = Release|Any CPU
		{CCF1DA54-D5D2-4D67-B097-1DBA32F887A2}.Debug|Any CPU.ActiveCfg = Debug|Any CPU
		{CCF1DA54-D5D2-4D67-B097-1DBA32F887A2}.Debug|Any CPU.Build.0 = Debug|Any CPU
		{CCF1DA54-D5D2-4D67-B097-1DBA32F887A2}.Release|Any CPU.ActiveCfg = Release|Any CPU
		{CCF1DA54-D5D2-4D67-B097-1DBA32F887A2}.Release|Any CPU.Build.0 = Release|Any CPU
		{0D3E106A-94C3-4DAD-9FFA-C337C1FD4EA1}.Debug|Any CPU.ActiveCfg = Debug|Any CPU
		{0D3E106A-94C3-4DAD-9FFA-C337C1FD4EA1}.Debug|Any CPU.Build.0 = Debug|Any CPU
		{0D3E106A-94C3-4DAD-9FFA-C337C1FD4EA1}.Release|Any CPU.ActiveCfg = Release|Any CPU
		{0D3E106A-94C3-4DAD-9FFA-C337C1FD4EA1}.Release|Any CPU.Build.0 = Release|Any CPU
		{A71BEB4E-97FD-4DEF-8D93-DC8DC8400038}.Debug|Any CPU.ActiveCfg = Debug|Any CPU
		{A71BEB4E-97FD-4DEF-8D93-DC8DC8400038}.Debug|Any CPU.Build.0 = Debug|Any CPU
		{A71BEB4E-97FD-4DEF-8D93-DC8DC8400038}.Release|Any CPU.ActiveCfg = Release|Any CPU
		{A71BEB4E-97FD-4DEF-8D93-DC8DC8400038}.Release|Any CPU.Build.0 = Release|Any CPU
		{0A2794C3-E153-466E-B134-C7D43278FBCD}.Debug|Any CPU.ActiveCfg = Debug|Any CPU
		{0A2794C3-E153-466E-B134-C7D43278FBCD}.Debug|Any CPU.Build.0 = Debug|Any CPU
		{0A2794C3-E153-466E-B134-C7D43278FBCD}.Release|Any CPU.ActiveCfg = Release|Any CPU
		{0A2794C3-E153-466E-B134-C7D43278FBCD}.Release|Any CPU.Build.0 = Release|Any CPU
		{01CAD641-170B-4382-89B8-F255BB6205CC}.Debug|Any CPU.ActiveCfg = Debug|Any CPU
		{01CAD641-170B-4382-89B8-F255BB6205CC}.Debug|Any CPU.Build.0 = Debug|Any CPU
		{01CAD641-170B-4382-89B8-F255BB6205CC}.Release|Any CPU.ActiveCfg = Release|Any CPU
		{01CAD641-170B-4382-89B8-F255BB6205CC}.Release|Any CPU.Build.0 = Release|Any CPU
		{2EB1A2C2-BD0D-4052-9AE3-CEC2B6958F17}.Debug|Any CPU.ActiveCfg = Debug|Any CPU
		{2EB1A2C2-BD0D-4052-9AE3-CEC2B6958F17}.Debug|Any CPU.Build.0 = Debug|Any CPU
		{2EB1A2C2-BD0D-4052-9AE3-CEC2B6958F17}.Release|Any CPU.ActiveCfg = Release|Any CPU
		{2EB1A2C2-BD0D-4052-9AE3-CEC2B6958F17}.Release|Any CPU.Build.0 = Release|Any CPU
	EndGlobalSection
	GlobalSection(SolutionProperties) = preSolution
		HideSolutionNode = FALSE
	EndGlobalSection
	GlobalSection(NestedProjects) = preSolution
		{74A3C863-09CC-4700-A688-1DF8B26C951B} = {73FCFCF4-3A1C-4D4D-939A-9CABDC2341DC}
		{9B8E8031-ACD1-43A4-98A0-4142CEA57B94} = {40AEBE01-FEE8-4C0B-A14D-B6535560D384}
		{6DE72631-538C-4F33-8891-D1F9E61634B6} = {40AEBE01-FEE8-4C0B-A14D-B6535560D384}
		{229DF91B-4AFF-441D-8FB3-B31363E96578} = {40AEBE01-FEE8-4C0B-A14D-B6535560D384}
		{175C80CD-019C-419C-B72F-4902C1238269} = {B562D54A-AC7C-4F65-9A83-084C6A6887FA}
		{5FBB65BA-E7EA-4A9B-8253-221A4143A02F} = {C26C3C52-C565-4559-83D0-DED91C791650}
		{C26C3C52-C565-4559-83D0-DED91C791650} = {672FEA18-F072-4549-9C4C-DBD1F9CDC7BB}
		{40AEBE01-FEE8-4C0B-A14D-B6535560D384} = {672FEA18-F072-4549-9C4C-DBD1F9CDC7BB}
		{CCF1DA54-D5D2-4D67-B097-1DBA32F887A2} = {40AEBE01-FEE8-4C0B-A14D-B6535560D384}
		{0D3E106A-94C3-4DAD-9FFA-C337C1FD4EA1} = {6DA87041-71DB-4F59-8CD8-D1B8F24BED9B}
		{A71BEB4E-97FD-4DEF-8D93-DC8DC8400038} = {2CB39249-603A-4EFD-B14B-A88710331D61}
		{6DA87041-71DB-4F59-8CD8-D1B8F24BED9B} = {672FEA18-F072-4549-9C4C-DBD1F9CDC7BB}
		{2CB39249-603A-4EFD-B14B-A88710331D61} = {672FEA18-F072-4549-9C4C-DBD1F9CDC7BB}
		{B562D54A-AC7C-4F65-9A83-084C6A6887FA} = {672FEA18-F072-4549-9C4C-DBD1F9CDC7BB}
		{0A2794C3-E153-466E-B134-C7D43278FBCD} = {1F24DE32-0F7C-4307-8399-9853C62865A3}
		{01CAD641-170B-4382-89B8-F255BB6205CC} = {448867BE-B89E-4B72-9BA0-43A83A99FDDD}
		{2EB1A2C2-BD0D-4052-9AE3-CEC2B6958F17} = {C26C3C52-C565-4559-83D0-DED91C791650}
	EndGlobalSection
	GlobalSection(ExtensibilityGlobals) = postSolution
		SolutionGuid = {2E316A19-467A-4E08-9E0C-03014C12FCC0}
	EndGlobalSection
EndGlobal
