
Microsoft Visual Studio Solution File, Format Version 12.00
# Visual Studio Version 16
VisualStudioVersion = 16.0.29424.173
MinimumVisualStudioVersion = 10.0.40219.1
Project("{2150E333-8FDC-42A3-9474-1A3956D46DE8}") = "src", "src", "{672FEA18-F072-4549-9C4C-DBD1F9CDC7BB}"
EndProject
Project("{2150E333-8FDC-42A3-9474-1A3956D46DE8}") = "_", "_", "{E9754587-13F5-4E3A-9F3F-71C98EF97990}"
	ProjectSection(SolutionItems) = preProject
		.gitattributes = .gitattributes
		.gitignore = .gitignore
		global.json = global.json
		NuGet.Config = NuGet.Config
		README.md = README.md
	EndProjectSection
	ProjectSection(FolderGlobals) = preProject
		D_5_4Myvas_4dev_4AspNetCore_4Myvas_1AspNetCore_1Weixin_4Myvas_1AspNetCore_1Weixin_4global_1json__JsonSchema = 
	EndProjectSection
EndProject
Project("{2150E333-8FDC-42A3-9474-1A3956D46DE8}") = "test", "test", "{73FCFCF4-3A1C-4D4D-939A-9CABDC2341DC}"
EndProject
Project("{9A19103F-16F7-4668-BE54-9A1E7A4F7556}") = "Myvas.AspNetCore.Weixin", "src\Weixin\Myvas.AspNetCore.Weixin.csproj", "{9B8E8031-ACD1-43A4-98A0-4142CEA57B94}"
EndProject
Project("{9A19103F-16F7-4668-BE54-9A1E7A4F7556}") = "Myvas.AspNetCore.Weixin.Jssdk", "src\Weixin.Jssdk\Myvas.AspNetCore.Weixin.Jssdk.csproj", "{6DE72631-538C-4F33-8891-D1F9E61634B6}"
EndProject
Project("{9A19103F-16F7-4668-BE54-9A1E7A4F7556}") = "Myvas.AspNetCore.Weixin.Stores", "src\Myvas.AspNetCore.Weixin.Stores\Myvas.AspNetCore.Weixin.Stores.csproj", "{8F7C72E8-3CEF-4C60-AAD3-5FCF38200CCF}"
EndProject
Project("{9A19103F-16F7-4668-BE54-9A1E7A4F7556}") = "Myvas.AspNetCore.Weixin.Core", "src\Myvas.AspNetCore.Weixin.Core\Myvas.AspNetCore.Weixin.Core.csproj", "{229DF91B-4AFF-441D-8FB3-B31363E96578}"
EndProject
Project("{9A19103F-16F7-4668-BE54-9A1E7A4F7556}") = "Myvas.AspNetCore.Weixin.EntityFrameworkCore", "src\Myvas.AspNetCore.Weixin.EntityFrameworkCore\Myvas.AspNetCore.Weixin.EntityFrameworkCore.csproj", "{175C80CD-019C-419C-B72F-4902C1238269}"
EndProject
Project("{2150E333-8FDC-42A3-9474-1A3956D46DE8}") = "1_WeixinApi", "1_WeixinApi", "{C26C3C52-C565-4559-83D0-DED91C791650}"
EndProject
Project("{2150E333-8FDC-42A3-9474-1A3956D46DE8}") = "2_WeixinSite", "2_WeixinSite", "{40AEBE01-FEE8-4C0B-A14D-B6535560D384}"
EndProject
Project("{9A19103F-16F7-4668-BE54-9A1E7A4F7556}") = "Myvas.AspNetCore.Weixin.Site", "src\Myvas.AspNetCore.Weixin.Site\Myvas.AspNetCore.Weixin.Site.csproj", "{CCF1DA54-D5D2-4D67-B097-1DBA32F887A2}"
EndProject
Project("{9A19103F-16F7-4668-BE54-9A1E7A4F7556}") = "CommonTests", "test\CommonTest\CommonTests.csproj", "{77F6C71A-B254-42A9-9D88-39D2F80BB687}"
EndProject
Project("{9A19103F-16F7-4668-BE54-9A1E7A4F7556}") = "Myvas.AspNetCore.Weixin.EntityFrameworkCore.InMemory.Test", "test\Myvas.AspNetCore.Weixin.EntityFrameworkCore.InMemory.Test\Myvas.AspNetCore.Weixin.EntityFrameworkCore.InMemory.Test.csproj", "{ABD189A3-3125-4A72-A4ED-52F00D042065}"
EndProject
Project("{9A19103F-16F7-4668-BE54-9A1E7A4F7556}") = "Myvas.AspNetCore.Weixin.Api", "src\WeixinApi\Myvas.AspNetCore.Weixin.Api.csproj", "{F181EEBA-1D20-4ECC-8CFA-FAD329F392B0}"
EndProject
Project("{9A19103F-16F7-4668-BE54-9A1E7A4F7556}") = "Myvas.AspNetCore.Weixin.Api.Test", "test\WeixinApi.Test\Myvas.AspNetCore.Weixin.Api.Test.csproj", "{DB1C73CB-1617-48B6-8604-B141835C93CE}"
EndProject
Global
	GlobalSection(SolutionConfigurationPlatforms) = preSolution
		Debug|Any CPU = Debug|Any CPU
		Debug20|Any CPU = Debug20|Any CPU
		Release|Any CPU = Release|Any CPU
	EndGlobalSection
	GlobalSection(ProjectConfigurationPlatforms) = postSolution
		{9B8E8031-ACD1-43A4-98A0-4142CEA57B94}.Debug|Any CPU.ActiveCfg = Debug|Any CPU
		{9B8E8031-ACD1-43A4-98A0-4142CEA57B94}.Debug|Any CPU.Build.0 = Debug|Any CPU
		{9B8E8031-ACD1-43A4-98A0-4142CEA57B94}.Debug20|Any CPU.ActiveCfg = Debug|Any CPU
		{9B8E8031-ACD1-43A4-98A0-4142CEA57B94}.Debug20|Any CPU.Build.0 = Debug|Any CPU
		{9B8E8031-ACD1-43A4-98A0-4142CEA57B94}.Release|Any CPU.ActiveCfg = Release|Any CPU
		{9B8E8031-ACD1-43A4-98A0-4142CEA57B94}.Release|Any CPU.Build.0 = Release|Any CPU
		{6DE72631-538C-4F33-8891-D1F9E61634B6}.Debug|Any CPU.ActiveCfg = Debug|Any CPU
		{6DE72631-538C-4F33-8891-D1F9E61634B6}.Debug|Any CPU.Build.0 = Debug|Any CPU
		{6DE72631-538C-4F33-8891-D1F9E61634B6}.Debug20|Any CPU.ActiveCfg = Debug20|Any CPU
		{6DE72631-538C-4F33-8891-D1F9E61634B6}.Debug20|Any CPU.Build.0 = Debug20|Any CPU
		{6DE72631-538C-4F33-8891-D1F9E61634B6}.Release|Any CPU.ActiveCfg = Release|Any CPU
		{6DE72631-538C-4F33-8891-D1F9E61634B6}.Release|Any CPU.Build.0 = Release|Any CPU
		{8F7C72E8-3CEF-4C60-AAD3-5FCF38200CCF}.Debug|Any CPU.ActiveCfg = Debug|Any CPU
		{8F7C72E8-3CEF-4C60-AAD3-5FCF38200CCF}.Debug|Any CPU.Build.0 = Debug|Any CPU
		{8F7C72E8-3CEF-4C60-AAD3-5FCF38200CCF}.Debug20|Any CPU.ActiveCfg = Debug|Any CPU
		{8F7C72E8-3CEF-4C60-AAD3-5FCF38200CCF}.Debug20|Any CPU.Build.0 = Debug|Any CPU
		{8F7C72E8-3CEF-4C60-AAD3-5FCF38200CCF}.Release|Any CPU.ActiveCfg = Release|Any CPU
		{8F7C72E8-3CEF-4C60-AAD3-5FCF38200CCF}.Release|Any CPU.Build.0 = Release|Any CPU
		{229DF91B-4AFF-441D-8FB3-B31363E96578}.Debug|Any CPU.ActiveCfg = Debug|Any CPU
		{229DF91B-4AFF-441D-8FB3-B31363E96578}.Debug|Any CPU.Build.0 = Debug|Any CPU
		{229DF91B-4AFF-441D-8FB3-B31363E96578}.Debug20|Any CPU.ActiveCfg = Debug|Any CPU
		{229DF91B-4AFF-441D-8FB3-B31363E96578}.Debug20|Any CPU.Build.0 = Debug|Any CPU
		{229DF91B-4AFF-441D-8FB3-B31363E96578}.Release|Any CPU.ActiveCfg = Release|Any CPU
		{229DF91B-4AFF-441D-8FB3-B31363E96578}.Release|Any CPU.Build.0 = Release|Any CPU
		{175C80CD-019C-419C-B72F-4902C1238269}.Debug|Any CPU.ActiveCfg = Debug|Any CPU
		{175C80CD-019C-419C-B72F-4902C1238269}.Debug|Any CPU.Build.0 = Debug|Any CPU
		{175C80CD-019C-419C-B72F-4902C1238269}.Debug20|Any CPU.ActiveCfg = Debug|Any CPU
		{175C80CD-019C-419C-B72F-4902C1238269}.Debug20|Any CPU.Build.0 = Debug|Any CPU
		{175C80CD-019C-419C-B72F-4902C1238269}.Release|Any CPU.ActiveCfg = Release|Any CPU
		{175C80CD-019C-419C-B72F-4902C1238269}.Release|Any CPU.Build.0 = Release|Any CPU
		{CCF1DA54-D5D2-4D67-B097-1DBA32F887A2}.Debug|Any CPU.ActiveCfg = Debug|Any CPU
		{CCF1DA54-D5D2-4D67-B097-1DBA32F887A2}.Debug|Any CPU.Build.0 = Debug|Any CPU
		{CCF1DA54-D5D2-4D67-B097-1DBA32F887A2}.Debug20|Any CPU.ActiveCfg = Debug|Any CPU
		{CCF1DA54-D5D2-4D67-B097-1DBA32F887A2}.Debug20|Any CPU.Build.0 = Debug|Any CPU
		{CCF1DA54-D5D2-4D67-B097-1DBA32F887A2}.Release|Any CPU.ActiveCfg = Release|Any CPU
		{CCF1DA54-D5D2-4D67-B097-1DBA32F887A2}.Release|Any CPU.Build.0 = Release|Any CPU
		{77F6C71A-B254-42A9-9D88-39D2F80BB687}.Debug|Any CPU.ActiveCfg = Debug|Any CPU
		{77F6C71A-B254-42A9-9D88-39D2F80BB687}.Debug|Any CPU.Build.0 = Debug|Any CPU
		{77F6C71A-B254-42A9-9D88-39D2F80BB687}.Debug20|Any CPU.ActiveCfg = Debug20|Any CPU
		{77F6C71A-B254-42A9-9D88-39D2F80BB687}.Debug20|Any CPU.Build.0 = Debug20|Any CPU
		{77F6C71A-B254-42A9-9D88-39D2F80BB687}.Release|Any CPU.ActiveCfg = Release|Any CPU
		{77F6C71A-B254-42A9-9D88-39D2F80BB687}.Release|Any CPU.Build.0 = Release|Any CPU
		{ABD189A3-3125-4A72-A4ED-52F00D042065}.Debug|Any CPU.ActiveCfg = Debug|Any CPU
		{ABD189A3-3125-4A72-A4ED-52F00D042065}.Debug|Any CPU.Build.0 = Debug|Any CPU
		{ABD189A3-3125-4A72-A4ED-52F00D042065}.Debug20|Any CPU.ActiveCfg = Debug|Any CPU
		{ABD189A3-3125-4A72-A4ED-52F00D042065}.Debug20|Any CPU.Build.0 = Debug|Any CPU
		{ABD189A3-3125-4A72-A4ED-52F00D042065}.Release|Any CPU.ActiveCfg = Release|Any CPU
		{ABD189A3-3125-4A72-A4ED-52F00D042065}.Release|Any CPU.Build.0 = Release|Any CPU
		{F181EEBA-1D20-4ECC-8CFA-FAD329F392B0}.Debug|Any CPU.ActiveCfg = Debug|Any CPU
		{F181EEBA-1D20-4ECC-8CFA-FAD329F392B0}.Debug|Any CPU.Build.0 = Debug|Any CPU
		{F181EEBA-1D20-4ECC-8CFA-FAD329F392B0}.Debug20|Any CPU.ActiveCfg = Debug|Any CPU
		{F181EEBA-1D20-4ECC-8CFA-FAD329F392B0}.Debug20|Any CPU.Build.0 = Debug|Any CPU
		{F181EEBA-1D20-4ECC-8CFA-FAD329F392B0}.Release|Any CPU.ActiveCfg = Release|Any CPU
		{F181EEBA-1D20-4ECC-8CFA-FAD329F392B0}.Release|Any CPU.Build.0 = Release|Any CPU
		{DB1C73CB-1617-48B6-8604-B141835C93CE}.Debug|Any CPU.ActiveCfg = Debug|Any CPU
		{DB1C73CB-1617-48B6-8604-B141835C93CE}.Debug|Any CPU.Build.0 = Debug|Any CPU
		{DB1C73CB-1617-48B6-8604-B141835C93CE}.Debug20|Any CPU.ActiveCfg = Debug|Any CPU
		{DB1C73CB-1617-48B6-8604-B141835C93CE}.Debug20|Any CPU.Build.0 = Debug|Any CPU
		{DB1C73CB-1617-48B6-8604-B141835C93CE}.Release|Any CPU.ActiveCfg = Release|Any CPU
		{DB1C73CB-1617-48B6-8604-B141835C93CE}.Release|Any CPU.Build.0 = Release|Any CPU
	EndGlobalSection
	GlobalSection(SolutionProperties) = preSolution
		HideSolutionNode = FALSE
	EndGlobalSection
	GlobalSection(NestedProjects) = preSolution
		{9B8E8031-ACD1-43A4-98A0-4142CEA57B94} = {672FEA18-F072-4549-9C4C-DBD1F9CDC7BB}
		{6DE72631-538C-4F33-8891-D1F9E61634B6} = {C26C3C52-C565-4559-83D0-DED91C791650}
		{8F7C72E8-3CEF-4C60-AAD3-5FCF38200CCF} = {40AEBE01-FEE8-4C0B-A14D-B6535560D384}
		{229DF91B-4AFF-441D-8FB3-B31363E96578} = {40AEBE01-FEE8-4C0B-A14D-B6535560D384}
		{175C80CD-019C-419C-B72F-4902C1238269} = {40AEBE01-FEE8-4C0B-A14D-B6535560D384}
		{C26C3C52-C565-4559-83D0-DED91C791650} = {672FEA18-F072-4549-9C4C-DBD1F9CDC7BB}
		{40AEBE01-FEE8-4C0B-A14D-B6535560D384} = {672FEA18-F072-4549-9C4C-DBD1F9CDC7BB}
		{CCF1DA54-D5D2-4D67-B097-1DBA32F887A2} = {40AEBE01-FEE8-4C0B-A14D-B6535560D384}
		{77F6C71A-B254-42A9-9D88-39D2F80BB687} = {73FCFCF4-3A1C-4D4D-939A-9CABDC2341DC}
		{ABD189A3-3125-4A72-A4ED-52F00D042065} = {73FCFCF4-3A1C-4D4D-939A-9CABDC2341DC}
		{F181EEBA-1D20-4ECC-8CFA-FAD329F392B0} = {C26C3C52-C565-4559-83D0-DED91C791650}
		{DB1C73CB-1617-48B6-8604-B141835C93CE} = {73FCFCF4-3A1C-4D4D-939A-9CABDC2341DC}
	EndGlobalSection
	GlobalSection(ExtensibilityGlobals) = postSolution
		SolutionGuid = {2E316A19-467A-4E08-9E0C-03014C12FCC0}
	EndGlobalSection
EndGlobal
